{
  "nodes": {
    "nixpkgs": {
      "locked": {
        "lastModified": 1789785513,
        "narHash": "sha256-B44WL6h0XoLjJ41bUPJk0X5SDinLCII//6EcBLXKiJ0=",
        "owner": "nixos",
        "repo": "nixpkgs",
        "rev": "20b1ddd1aa5ace70c9468305030aa4f9ef79671b",
        "type": "github"
      },
      "original": {
        "owner": "nixos",
        "ref": "nixos-unstable",
        "repo": "nixpkgs",
        "type": "github"
      }
    },
    "root": {
      "inputs": {
        "nixpkgs": "nixpkgs",
        "aether-wallpapers": "aether-wallpapers"
      }
    },
    "aether-wallpapers": {
      "flake": false,
      "locked": {
        "lastModified": 1790254547,
        "narHash": "sha256-SgoYhFRYGUrpXBBESN4Zk+zxVukkKTJ3JKAQsRCwWwE=",
        "owner": "mora1ss",
        "repo": "shell-wallpapers",
        "rev": "dc40fd13445026547d43de655e6f55cdd0b627d0",
        "type": "github"
      },
      "original": {
        "owner": "mora1ss",
        "repo": "shell-wallpapers",
        "type": "github"
      }
    }
  },
  "root": "root",
  "version": 7
}
